
Microsoft Visual Studio Solution File, Format Version 12.00
# Visual Studio 15
VisualStudioVersion = 15.0.27428.2037
MinimumVisualStudioVersion = 10.0.40219.1
Project("{FAE04EC0-301F-11D3-BF4B-00C04F79EFBC}") = "HeartMaze", "HeartMaze\HeartMaze.csproj", "{EB42310F-BB04-4BB7-B1AF-46A19EFA204D}"
EndProject
Global
	GlobalSection(SolutionConfigurationPlatforms) = preSolution
		Debug|Any CPU = Debug|Any CPU
		Release|Any CPU = Release|Any CPU
	EndGlobalSection
	GlobalSection(ProjectConfigurationPlatforms) = postSolution
		{EB42310F-BB04-4BB7-B1AF-46A19EFA204D}.Debug|Any CPU.ActiveCfg = Debug|Any CPU
		{EB42310F-BB04-4BB7-B1AF-46A19EFA204D}.Debug|Any CPU.Build.0 = Debug|Any CPU
		{EB42310F-BB04-4BB7-B1AF-46A19EFA204D}.Release|Any CPU.ActiveCfg = Release|Any CPU
		{EB42310F-BB04-4BB7-B1AF-46A19EFA204D}.Release|Any CPU.Build.0 = Release|Any CPU
	EndGlobalSection
	GlobalSection(SolutionProperties) = preSolution
		HideSolutionNode = FALSE
	EndGlobalSection
	GlobalSection(ExtensibilityGlobals) = postSolution
		SolutionGuid = {7FFF9DF8-3319-4138-A1DD-EC1974DE2794}
	EndGlobalSection
EndGlobal
